// !$*UTF8*$!
{
	archiveVersion = 1;
	classes = {
	};
	objectVersion = 46;
	objects = {

/* Begin PBXBuildFile section */
		894421FE1C4E39EC008DF969 /* AppDelegate.swift in Sources */ = {isa = PBXBuildFile; fileRef = 894421FD1C4E39EC008DF969 /* AppDelegate.swift */; };
		894422001C4E39EC008DF969 /* ViewController.swift in Sources */ = {isa = PBXBuildFile; fileRef = 894421FF1C4E39EC008DF969 /* ViewController.swift */; };
		894422031C4E39EC008DF969 /* Main.storyboard in Resources */ = {isa = PBXBuildFile; fileRef = 894422011C4E39EC008DF969 /* Main.storyboard */; };
		894422051C4E39EC008DF969 /* Assets.xcassets in Resources */ = {isa = PBXBuildFile; fileRef = 894422041C4E39EC008DF969 /* Assets.xcassets */; };
		894422081C4E39EC008DF969 /* LaunchScreen.storyboard in Resources */ = {isa = PBXBuildFile; fileRef = 894422061C4E39EC008DF969 /* LaunchScreen.storyboard */; };
		894422101C4E39F2008DF969 /* LocationManager.swift in Sources */ = {isa = PBXBuildFile; fileRef = 8944220F1C4E39F2008DF969 /* LocationManager.swift */; };
/* End PBXBuildFile section */

/* Begin PBXFileReference section */
		894421FA1C4E39EC008DF969 /* LocationManager.app */ = {isa = PBXFileReference; explicitFileType = wrapper.application; includeInIndex = 0; path = LocationManager.app; sourceTree = BUILT_PRODUCTS_DIR; };
		894421FD1C4E39EC008DF969 /* AppDelegate.swift */ = {isa = PBXFileReference; lastKnownFileType = sourcecode.swift; path = AppDelegate.swift; sourceTree = "<group>"; };
		894421FF1C4E39EC008DF969 /* ViewController.swift */ = {isa = PBXFileReference; lastKnownFileType = sourcecode.swift; path = ViewController.swift; sourceTree = "<group>"; };
		894422021C4E39EC008DF969 /* Base */ = {isa = PBXFileReference; lastKnownFileType = file.storyboard; name = Base; path = Base.lproj/Main.storyboard; sourceTree = "<group>"; };
		894422041C4E39EC008DF969 /* Assets.xcassets */ = {isa = PBXFileReference; lastKnownFileType = folder.assetcatalog; path = Assets.xcassets; sourceTree = "<group>"; };
		894422071C4E39EC008DF969 /* Base */ = {isa = PBXFileReference; lastKnownFileType = file.storyboard; name = Base; path = Base.lproj/LaunchScreen.storyboard; sourceTree = "<group>"; };
		894422091C4E39EC008DF969 /* Info.plist */ = {isa = PBXFileReference; lastKnownFileType = text.plist.xml; path = Info.plist; sourceTree = "<group>"; };
		8944220F1C4E39F2008DF969 /* LocationManager.swift */ = {isa = PBXFileReference; fileEncoding = 4; lastKnownFileType = sourcecode.swift; path = LocationManager.swift; sourceTree = "<group>"; };
/* End PBXFileReference section */

/* Begin PBXFrameworksBuildPhase section */
		894421F71C4E39EC008DF969 /* Frameworks */ = {
			isa = PBXFrameworksBuildPhase;
			buildActionMask = 2147483647;
			files = (
			);
			runOnlyForDeploymentPostprocessing = 0;
		};
/* End PBXFrameworksBuildPhase section */

/* Begin PBXGroup section */
		894421F11C4E39EC008DF969 = {
			isa = PBXGroup;
			children = (
				894421FC1C4E39EC008DF969 /* LocationManager */,
				894421FB1C4E39EC008DF969 /* Products */,
			);
			sourceTree = "<group>";
		};
		894421FB1C4E39EC008DF969 /* Products */ = {
			isa = PBXGroup;
			children = (
				894421FA1C4E39EC008DF969 /* LocationManager.app */,
			);
			name = Products;
			sourceTree = "<group>";
		};
		894421FC1C4E39EC008DF969 /* LocationManager */ = {
			isa = PBXGroup;
			children = (
				8944220F1C4E39F2008DF969 /* LocationManager.swift */,
				894421FD1C4E39EC008DF969 /* AppDelegate.swift */,
				894421FF1C4E39EC008DF969 /* ViewController.swift */,
				894422011C4E39EC008DF969 /* Main.storyboard */,
				894422041C4E39EC008DF969 /* Assets.xcassets */,
				894422061C4E39EC008DF969 /* LaunchScreen.storyboard */,
				894422091C4E39EC008DF969 /* Info.plist */,
			);
			path = LocationManager;
			sourceTree = "<group>";
		};
/* End PBXGroup section */

/* Begin PBXNativeTarget section */
		894421F91C4E39EC008DF969 /* LocationManager */ = {
			isa = PBXNativeTarget;
			buildConfigurationList = 8944220C1C4E39EC008DF969 /* Build configuration list for PBXNativeTarget "LocationManager" */;
			buildPhases = (
				894421F61C4E39EC008DF969 /* Sources */,
				894421F71C4E39EC008DF969 /* Frameworks */,
				894421F81C4E39EC008DF969 /* Resources */,
			);
			buildRules = (
			);
			dependencies = (
			);
			name = LocationManager;
			productName = LocationManager;
			productReference = 894421FA1C4E39EC008DF969 /* LocationManager.app */;
			productType = "com.apple.product-type.application";
		};
/* End PBXNativeTarget section */

/* Begin PBXProject section */
		894421F21C4E39EC008DF969 /* Project object */ = {
			isa = PBXProject;
			attributes = {
				LastSwiftUpdateCheck = 0720;
				LastUpgradeCheck = 0720;
				ORGANIZATIONNAME = "冯成林";
				TargetAttributes = {
					894421F91C4E39EC008DF969 = {
						CreatedOnToolsVersion = 7.2;
					};
				};
			};
			buildConfigurationList = 894421F51C4E39EC008DF969 /* Build configuration list for PBXProject "LocationManager" */;
			compatibilityVersion = "Xcode 3.2";
			developmentRegion = English;
			hasScannedForEncodings = 0;
			knownRegions = (
				en,
				Base,
			);
			mainGroup = 894421F11C4E39EC008DF969;
			productRefGroup = 894421FB1C4E39EC008DF969 /* Products */;
			projectDirPath = "";
			projectRoot = "";
			targets = (
				894421F91C4E39EC008DF969 /* LocationManager */,
			);
		};
/* End PBXProject section */

/* Begin PBXResourcesBuildPhase section */
		894421F81C4E39EC008DF969 /* Resources */ = {
			isa = PBXResourcesBuildPhase;
			buildActionMask = 2147483647;
			files = (
				894422081C4E39EC008DF969 /* LaunchScreen.storyboard in Resources */,
				894422051C4E39EC008DF969 /* Assets.xcassets in Resources */,
				894422031C4E39EC008DF969 /* Main.storyboard in Resources */,
			);
			runOnlyForDeploymentPostprocessing = 0;
		};
/* End PBXResourcesBuildPhase section */

/* Begin PBXSourcesBuildPhase section */
		894421F61C4E39EC008DF969 /* Sources */ = {
			isa = PBXSourcesBuildPhase;
			buildActionMask = 2147483647;
			files = (
				894422001C4E39EC008DF969 /* ViewController.swift in Sources */,
				894421FE1C4E39EC008DF969 /* AppDelegate.swift in Sources */,
				894422101C4E39F2008DF969 /* LocationManager.swift in Sources */,
			);
			runOnlyForDeploymentPostprocessing = 0;
		};
/* End PBXSourcesBuildPhase section */

/* Begin PBXVariantGroup section */
		894422011C4E39EC008DF969 /* Main.storyboard */ = {
			isa = PBXVariantGroup;
			children = (
				894422021C4E39EC008DF969 /* Base */,
			);
			name = Main.storyboard;
			sourceTree = "<group>";
		};
		894422061C4E39EC008DF969 /* LaunchScreen.storyboard */ = {
			isa = PBXVariantGroup;
			children = (
				894422071C4E39EC008DF969 /* Base */,
			);
			name = LaunchScreen.storyboard;
			sourceTree = "<group>";
		};
/* End PBXVariantGroup section */

/* Begin XCBuildConfiguration section */
		8944220A1C4E39EC008DF969 /* Debug */ = {
			isa = XCBuildConfiguration;
			buildSettings = {
				ALWAYS_SEARCH_USER_PATHS = NO;
				CLANG_CXX_LANGUAGE_STANDARD = "gnu++0x";
				CLANG_CXX_LIBRARY = "libc++";
				CLANG_ENABLE_MODULES = YES;
				CLANG_ENABLE_OBJC_ARC = YES;
				CLANG_WARN_BOOL_CONVERSION = YES;
				CLANG_WARN_CONSTANT_CONVERSION = YES;
				CLANG_WARN_DIRECT_OBJC_ISA_USAGE = YES_ERROR;
				CLANG_WARN_EMPTY_BODY = YES;
				CLANG_WARN_ENUM_CONVERSION = YES;
				CLANG_WARN_INT_CONVERSION = YES;
				CLANG_WARN_OBJC_ROOT_CLASS = YES_ERROR;
				CLANG_WARN_UNREACHABLE_CODE = YES;
				CLANG_WARN__DUPLICATE_METHOD_MATCH = YES;
				"CODE_SIGN_IDENTITY[sdk=iphoneos*]" = "iPhone Developer";
				COPY_PHASE_STRIP = NO;
				DEBUG_INFORMATION_FORMAT = dwarf;
				ENABLE_STRICT_OBJC_MSGSEND = YES;
				ENABLE_TESTABILITY = YES;
				GCC_C_LANGUAGE_STANDARD = gnu99;
				GCC_DYNAMIC_NO_PIC = NO;
				GCC_NO_COMMON_BLOCKS = YES;
				GCC_OPTIMIZATION_LEVEL = 0;
				GCC_PREPROCESSOR_DEFINITIONS = (
					"DEBUG=1",
					"$(inherited)",
				);
				GCC_WARN_64_TO_32_BIT_CONVERSION = YES;
				GCC_WARN_ABOUT_RETURN_TYPE = YES_ERROR;
				GCC_WARN_UNDECLARED_SELECTOR = YES;
				GCC_WARN_UNINITIALIZED_AUTOS = YES_AGGRESSIVE;
				GCC_WARN_UNUSED_FUNCTION = YES;
				GCC_WARN_UNUSED_VARIABLE = YES;
				IPHONEOS_DEPLOYMENT_TARGET = 9.2;
				MTL_ENABLE_DEBUG_INFO = YES;
				ONLY_ACTIVE_ARCH = YES;
				SDKROOT = iphoneos;
				SWIFT_OPTIMIZATION_LEVEL = "-Onone";
			};
			name = Debug;
		};
		8944220B1C4E39EC008DF969 /* Release */ = {
			isa = XCBuildConfiguration;
			buildSettings = {
				ALWAYS_SEARCH_USER_PATHS = NO;
				CLANG_CXX_LANGUAGE_STANDARD = "gnu++0x";
				CLANG_CXX_LIBRARY = "libc++";
				CLANG_ENABLE_MODULES = YES;
				CLANG_ENABLE_OBJC_ARC = YES;
				CLANG_WARN_BOOL_CONVERSION = YES;
				CLANG_WARN_CONSTANT_CONVERSION = YES;
				CLANG_WARN_DIRECT_OBJC_ISA_USAGE = YES_ERROR;
				CLANG_WARN_EMPTY_BODY = YES;
				CLANG_WARN_ENUM_CONVERSION = YES;
				CLANG_WARN_INT_CONVERSION = YES;
				CLANG_WARN_OBJC_ROOT_CLASS = YES_ERROR;
				CLANG_WARN_UNREACHABLE_CODE = YES;
				CLANG_WARN__DUPLICATE_METHOD_MATCH = YES;
				"CODE_SIGN_IDENTITY[sdk=iphoneos*]" = "iPhone Developer";
				COPY_PHASE_STRIP = NO;
				DEBUG_INFORMATION_FORMAT = "dwarf-with-dsym";
				ENABLE_NS_ASSERTIONS = NO;
				ENABLE_STRICT_OBJC_MSGSEND = YES;
				GCC_C_LANGUAGE_STANDARD = gnu99;
				GCC_NO_COMMON_BLOCKS = YES;
				GCC_WARN_64_TO_32_BIT_CONVERSION = YES;
				GCC_WARN_ABOUT_RETURN_TYPE = YES_ERROR;
				GCC_WARN_UNDECLARED_SELECTOR = YES;
				GCC_WARN_UNINITIALIZED_AUTOS = YES_AGGRESSIVE;
				GCC_WARN_UNUSED_FUNCTION = YES;
				GCC_WARN_UNUSED_VARIABLE = YES;
				IPHONEOS_DEPLOYMENT_TARGET = 9.2;
				MTL_ENABLE_DEBUG_INFO = NO;
				SDKROOT = iphoneos;
				VALIDATE_PRODUCT = YES;
			};
			name = Release;
		};
		8944220D1C4E39EC008DF969 /* Debug */ = {
			isa = XCBuildConfiguration;
			buildSettings = {
				ASSETCATALOG_COMPILER_APPICON_NAME = AppIcon;
				INFOPLIST_FILE = LocationManager/Info.plist;
				IPHONEOS_DEPLOYMENT_TARGET = 7.0;
				LD_RUNPATH_SEARCH_PATHS = "$(inherited) @executable_path/Frameworks";
				PRODUCT_BUNDLE_IDENTIFIER = com.ShiDian.LocationManager;
				PRODUCT_NAME = "$(TARGET_NAME)";
			};
			name = Debug;
		};
		8944220E1C4E39EC008DF969 /* Release */ = {
			isa = XCBuildConfiguration;
			buildSettings = {
				ASSETCATALOG_COMPILER_APPICON_NAME = AppIcon;
				INFOPLIST_FILE = LocationManager/Info.plist;
				IPHONEOS_DEPLOYMENT_TARGET = 7.0;
				LD_RUNPATH_SEARCH_PATHS = "$(inherited) @executable_path/Frameworks";
				PRODUCT_BUNDLE_IDENTIFIER = com.ShiDian.LocationManager;
				PRODUCT_NAME = "$(TARGET_NAME)";
			};
			name = Release;
		};
/* End XCBuildConfiguration section */

/* Begin XCConfigurationList section */
		894421F51C4E39EC008DF969 /* Build configuration list for PBXProject "LocationManager" */ = {
			isa = XCConfigurationList;
			buildConfigurations = (
				8944220A1C4E39EC008DF969 /* Debug */,
				8944220B1C4E39EC008DF969 /* Release */,
			);
			defaultConfigurationIsVisible = 0;
			defaultConfigurationName = Release;
		};
		8944220C1C4E39EC008DF969 /* Build configuration list for PBXNativeTarget "LocationManager" */ = {
			isa = XCConfigurationList;
			buildConfigurations = (
				8944220D1C4E39EC008DF969 /* Debug */,
				8944220E1C4E39EC008DF969 /* Release */,
			);
			defaultConfigurationIsVisible = 0;
		};
/* End XCConfigurationList section */
	};
	rootObject = 894421F21C4E39EC008DF969 /* Project object */;
}
